// !$*UTF8*$!
{
	archiveVersion = 1;
	classes = {
	};
	objectVersion = 50;
	objects = {

/* Begin PBXBuildFile section */
		D7EDA91820BECAEA00A3105D /* AppDelegate.swift in Sources */ = {isa = PBXBuildFile; fileRef = D7EDA91720BECAEA00A3105D /* AppDelegate.swift */; };
		D7EDA91A20BECAEA00A3105D /* ViewController.swift in Sources */ = {isa = PBXBuildFile; fileRef = D7EDA91920BECAEA00A3105D /* ViewController.swift */; };
		D7EDA91D20BECAEA00A3105D /* Main.storyboard in Resources */ = {isa = PBXBuildFile; fileRef = D7EDA91B20BECAEA00A3105D /* Main.storyboard */; };
		D7EDA91F20BECAEC00A3105D /* Assets.xcassets in Resources */ = {isa = PBXBuildFile; fileRef = D7EDA91E20BECAEC00A3105D /* Assets.xcassets */; };
		D7EDA92220BECAEC00A3105D /* LaunchScreen.storyboard in Resources */ = {isa = PBXBuildFile; fileRef = D7EDA92020BECAEC00A3105D /* LaunchScreen.storyboard */; };
		D7EDA92D20BECAEC00A3105D /* unknown_software_appTests.swift in Sources */ = {isa = PBXBuildFile; fileRef = D7EDA92C20BECAEC00A3105D /* unknown_software_appTests.swift */; };
/* End PBXBuildFile section */

/* Begin PBXContainerItemProxy section */
		D7EDA92920BECAEC00A3105D /* PBXContainerItemProxy */ = {
			isa = PBXContainerItemProxy;
			containerPortal = D7EDA90C20BECAEA00A3105D /* Project object */;
			proxyType = 1;
			remoteGlobalIDString = D7EDA91320BECAEA00A3105D;
			remoteInfo = "unknown-software-app";
		};
/* End PBXContainerItemProxy section */

/* Begin PBXFileReference section */
		D7EDA91420BECAEA00A3105D /* unknown-software-app.app */ = {isa = PBXFileReference; explicitFileType = wrapper.application; includeInIndex = 0; path = "unknown-software-app.app"; sourceTree = BUILT_PRODUCTS_DIR; };
		D7EDA91720BECAEA00A3105D /* AppDelegate.swift */ = {isa = PBXFileReference; lastKnownFileType = sourcecode.swift; path = AppDelegate.swift; sourceTree = "<group>"; };
		D7EDA91920BECAEA00A3105D /* ViewController.swift */ = {isa = PBXFileReference; lastKnownFileType = sourcecode.swift; path = ViewController.swift; sourceTree = "<group>"; };
		D7EDA91C20BECAEA00A3105D /* Base */ = {isa = PBXFileReference; lastKnownFileType = file.storyboard; name = Base; path = Base.lproj/Main.storyboard; sourceTree = "<group>"; };
		D7EDA91E20BECAEC00A3105D /* Assets.xcassets */ = {isa = PBXFileReference; lastKnownFileType = folder.assetcatalog; path = Assets.xcassets; sourceTree = "<group>"; };
		D7EDA92120BECAEC00A3105D /* Base */ = {isa = PBXFileReference; lastKnownFileType = file.storyboard; name = Base; path = Base.lproj/LaunchScreen.storyboard; sourceTree = "<group>"; };
		D7EDA92320BECAEC00A3105D /* Info.plist */ = {isa = PBXFileReference; lastKnownFileType = text.plist.xml; path = Info.plist; sourceTree = "<group>"; };
		D7EDA92820BECAEC00A3105D /* unknown-software-appTests.xctest */ = {isa = PBXFileReference; explicitFileType = wrapper.cfbundle; includeInIndex = 0; path = "unknown-software-appTests.xctest"; sourceTree = BUILT_PRODUCTS_DIR; };
		D7EDA92C20BECAEC00A3105D /* unknown_software_appTests.swift */ = {isa = PBXFileReference; lastKnownFileType = sourcecode.swift; path = unknown_software_appTests.swift; sourceTree = "<group>"; };
		D7EDA92E20BECAEC00A3105D /* Info.plist */ = {isa = PBXFileReference; lastKnownFileType = text.plist.xml; path = Info.plist; sourceTree = "<group>"; };
/* End PBXFileReference section */

/* Begin PBXFrameworksBuildPhase section */
		D7EDA91120BECAEA00A3105D /* Frameworks */ = {
			isa = PBXFrameworksBuildPhase;
			buildActionMask = 2147483647;
			files = (
			);
			runOnlyForDeploymentPostprocessing = 0;
		};
		D7EDA92520BECAEC00A3105D /* Frameworks */ = {
			isa = PBXFrameworksBuildPhase;
			buildActionMask = 2147483647;
			files = (
			);
			runOnlyForDeploymentPostprocessing = 0;
		};
/* End PBXFrameworksBuildPhase section */

/* Begin PBXGroup section */
		D7EDA90B20BECAEA00A3105D = {
			isa = PBXGroup;
			children = (
				D7EDA91620BECAEA00A3105D /* unknown-software-app */,
				D7EDA92B20BECAEC00A3105D /* unknown-software-appTests */,
				D7EDA91520BECAEA00A3105D /* Products */,
			);
			sourceTree = "<group>";
		};
		D7EDA91520BECAEA00A3105D /* Products */ = {
			isa = PBXGroup;
			children = (
				D7EDA91420BECAEA00A3105D /* unknown-software-app.app */,
				D7EDA92820BECAEC00A3105D /* unknown-software-appTests.xctest */,
			);
			name = Products;
			sourceTree = "<group>";
		};
		D7EDA91620BECAEA00A3105D /* unknown-software-app */ = {
			isa = PBXGroup;
			children = (
				D7EDA91720BECAEA00A3105D /* AppDelegate.swift */,
				D7EDA91920BECAEA00A3105D /* ViewController.swift */,
				D7EDA91B20BECAEA00A3105D /* Main.storyboard */,
				D7EDA91E20BECAEC00A3105D /* Assets.xcassets */,
				D7EDA92020BECAEC00A3105D /* LaunchScreen.storyboard */,
				D7EDA92320BECAEC00A3105D /* Info.plist */,
			);
			path = "unknown-software-app";
			sourceTree = "<group>";
		};
		D7EDA92B20BECAEC00A3105D /* unknown-software-appTests */ = {
			isa = PBXGroup;
			children = (
				D7EDA92C20BECAEC00A3105D /* unknown_software_appTests.swift */,
				D7EDA92E20BECAEC00A3105D /* Info.plist */,
			);
			path = "unknown-software-appTests";
			sourceTree = "<group>";
		};
/* End PBXGroup section */

/* Begin PBXNativeTarget section */
		D7EDA91320BECAEA00A3105D /* unknown-software-app */ = {
			isa = PBXNativeTarget;
			buildConfigurationList = D7EDA93120BECAEC00A3105D /* Build configuration list for PBXNativeTarget "unknown-software-app" */;
			buildPhases = (
				D7EDA91020BECAEA00A3105D /* Sources */,
				D7EDA91120BECAEA00A3105D /* Frameworks */,
				D7EDA91220BECAEA00A3105D /* Resources */,
			);
			buildRules = (
			);
			dependencies = (
			);
			name = "unknown-software-app";
			productName = "unknown-software-app";
			productReference = D7EDA91420BECAEA00A3105D /* unknown-software-app.app */;
			productType = "com.apple.product-type.application";
		};
		D7EDA92720BECAEC00A3105D /* unknown-software-appTests */ = {
			isa = PBXNativeTarget;
			buildConfigurationList = D7EDA93420BECAEC00A3105D /* Build configuration list for PBXNativeTarget "unknown-software-appTests" */;
			buildPhases = (
				D7EDA92420BECAEC00A3105D /* Sources */,
				D7EDA92520BECAEC00A3105D /* Frameworks */,
				D7EDA92620BECAEC00A3105D /* Resources */,
			);
			buildRules = (
			);
			dependencies = (
				D7EDA92A20BECAEC00A3105D /* PBXTargetDependency */,
			);
			name = "unknown-software-appTests";
			productName = "unknown-software-appTests";
			productReference = D7EDA92820BECAEC00A3105D /* unknown-software-appTests.xctest */;
			productType = "com.apple.product-type.bundle.unit-test";
		};
/* End PBXNativeTarget section */

/* Begin PBXProject section */
		D7EDA90C20BECAEA00A3105D /* Project object */ = {
			isa = PBXProject;
			attributes = {
				LastSwiftUpdateCheck = 0930;
				LastUpgradeCheck = 0930;
				ORGANIZATIONNAME = "Matan Amoyal";
				TargetAttributes = {
					D7EDA91320BECAEA00A3105D = {
						CreatedOnToolsVersion = 9.3;
					};
					D7EDA92720BECAEC00A3105D = {
						CreatedOnToolsVersion = 9.3;
						TestTargetID = D7EDA91320BECAEA00A3105D;
					};
				};
			};
			buildConfigurationList = D7EDA90F20BECAEA00A3105D /* Build configuration list for PBXProject "unknown-software-app" */;
			compatibilityVersion = "Xcode 9.3";
			developmentRegion = en;
			hasScannedForEncodings = 0;
			knownRegions = (
				en,
				Base,
			);
			mainGroup = D7EDA90B20BECAEA00A3105D;
			productRefGroup = D7EDA91520BECAEA00A3105D /* Products */;
			projectDirPath = "";
			projectRoot = "";
			targets = (
				D7EDA91320BECAEA00A3105D /* unknown-software-app */,
				D7EDA92720BECAEC00A3105D /* unknown-software-appTests */,
			);
		};
/* End PBXProject section */

/* Begin PBXResourcesBuildPhase section */
		D7EDA91220BECAEA00A3105D /* Resources */ = {
			isa = PBXResourcesBuildPhase;
			buildActionMask = 2147483647;
			files = (
				D7EDA92220BECAEC00A3105D /* LaunchScreen.storyboard in Resources */,
				D7EDA91F20BECAEC00A3105D /* Assets.xcassets in Resources */,
				D7EDA91D20BECAEA00A3105D /* Main.storyboard in Resources */,
			);
			runOnlyForDeploymentPostprocessing = 0;
		};
		D7EDA92620BECAEC00A3105D /* Resources */ = {
			isa = PBXResourcesBuildPhase;
			buildActionMask = 2147483647;
			files = (
			);
			runOnlyForDeploymentPostprocessing = 0;
		};
/* End PBXResourcesBuildPhase section */

/* Begin PBXSourcesBuildPhase section */
		D7EDA91020BECAEA00A3105D /* Sources */ = {
			isa = PBXSourcesBuildPhase;
			buildActionMask = 2147483647;
			files = (
				D7EDA91A20BECAEA00A3105D /* ViewController.swift in Sources */,
				D7EDA91820BECAEA00A3105D /* AppDelegate.swift in Sources */,
			);
			runOnlyForDeploymentPostprocessing = 0;
		};
		D7EDA92420BECAEC00A3105D /* Sources */ = {
			isa = PBXSourcesBuildPhase;
			buildActionMask = 2147483647;
			files = (
				D7EDA92D20BECAEC00A3105D /* unknown_software_appTests.swift in Sources */,
			);
			runOnlyForDeploymentPostprocessing = 0;
		};
/* End PBXSourcesBuildPhase section */

/* Begin PBXTargetDependency section */
		D7EDA92A20BECAEC00A3105D /* PBXTargetDependency */ = {
			isa = PBXTargetDependency;
			target = D7EDA91320BECAEA00A3105D /* unknown-software-app */;
			targetProxy = D7EDA92920BECAEC00A3105D /* PBXContainerItemProxy */;
		};
/* End PBXTargetDependency section */

/* Begin PBXVariantGroup section */
		D7EDA91B20BECAEA00A3105D /* Main.storyboard */ = {
			isa = PBXVariantGroup;
			children = (
				D7EDA91C20BECAEA00A3105D /* Base */,
			);
			name = Main.storyboard;
			sourceTree = "<group>";
		};
		D7EDA92020BECAEC00A3105D /* LaunchScreen.storyboard */ = {
			isa = PBXVariantGroup;
			children = (
				D7EDA92120BECAEC00A3105D /* Base */,
			);
			name = LaunchScreen.storyboard;
			sourceTree = "<group>";
		};
/* End PBXVariantGroup section */

/* Begin XCBuildConfiguration section */
		D7EDA92F20BECAEC00A3105D /* Debug */ = {
			isa = XCBuildConfiguration;
			buildSettings = {
				ALWAYS_SEARCH_USER_PATHS = NO;
				CLANG_ANALYZER_NONNULL = YES;
				CLANG_ANALYZER_NUMBER_OBJECT_CONVERSION = YES_AGGRESSIVE;
				CLANG_CXX_LANGUAGE_STANDARD = "gnu++14";
				CLANG_CXX_LIBRARY = "libc++";
				CLANG_ENABLE_MODULES = YES;
				CLANG_ENABLE_OBJC_ARC = YES;
				CLANG_ENABLE_OBJC_WEAK = YES;
				CLANG_WARN_BLOCK_CAPTURE_AUTORELEASING = YES;
				CLANG_WARN_BOOL_CONVERSION = YES;
				CLANG_WARN_COMMA = YES;
				CLANG_WARN_CONSTANT_CONVERSION = YES;
				CLANG_WARN_DEPRECATED_OBJC_IMPLEMENTATIONS = YES;
				CLANG_WARN_DIRECT_OBJC_ISA_USAGE = YES_ERROR;
				CLANG_WARN_DOCUMENTATION_COMMENTS = YES;
				CLANG_WARN_EMPTY_BODY = YES;
				CLANG_WARN_ENUM_CONVERSION = YES;
				CLANG_WARN_INFINITE_RECURSION = YES;
				CLANG_WARN_INT_CONVERSION = YES;
				CLANG_WARN_NON_LITERAL_NULL_CONVERSION = YES;
				CLANG_WARN_OBJC_IMPLICIT_RETAIN_SELF = YES;
				CLANG_WARN_OBJC_LITERAL_CONVERSION = YES;
				CLANG_WARN_OBJC_ROOT_CLASS = YES_ERROR;
				CLANG_WARN_RANGE_LOOP_ANALYSIS = YES;
				CLANG_WARN_STRICT_PROTOTYPES = YES;
				CLANG_WARN_SUSPICIOUS_MOVE = YES;
				CLANG_WARN_UNGUARDED_AVAILABILITY = YES_AGGRESSIVE;
				CLANG_WARN_UNREACHABLE_CODE = YES;
				CLANG_WARN__DUPLICATE_METHOD_MATCH = YES;
				CODE_SIGN_IDENTITY = "iPhone Developer";
				COPY_PHASE_STRIP = NO;
				DEBUG_INFORMATION_FORMAT = dwarf;
				ENABLE_STRICT_OBJC_MSGSEND = YES;
				ENABLE_TESTABILITY = YES;
				GCC_C_LANGUAGE_STANDARD = gnu11;
				GCC_DYNAMIC_NO_PIC = NO;
				GCC_NO_COMMON_BLOCKS = YES;
				GCC_OPTIMIZATION_LEVEL = 0;
				GCC_PREPROCESSOR_DEFINITIONS = (
					"DEBUG=1",
					"$(inherited)",
				);
				GCC_WARN_64_TO_32_BIT_CONVERSION = YES;
				GCC_WARN_ABOUT_RETURN_TYPE = YES_ERROR;
				GCC_WARN_UNDECLARED_SELECTOR = YES;
				GCC_WARN_UNINITIALIZED_AUTOS = YES_AGGRESSIVE;
				GCC_WARN_UNUSED_FUNCTION = YES;
				GCC_WARN_UNUSED_VARIABLE = YES;
				IPHONEOS_DEPLOYMENT_TARGET = 11.3;
				MTL_ENABLE_DEBUG_INFO = YES;
				ONLY_ACTIVE_ARCH = YES;
				SDKROOT = iphoneos;
				SWIFT_ACTIVE_COMPILATION_CONDITIONS = DEBUG;
				SWIFT_OPTIMIZATION_LEVEL = "-Onone";
			};
			name = Debug;
		};
		D7EDA93020BECAEC00A3105D /* Release */ = {
			isa = XCBuildConfiguration;
			buildSettings = {
				ALWAYS_SEARCH_USER_PATHS = NO;
				CLANG_ANALYZER_NONNULL = YES;
				CLANG_ANALYZER_NUMBER_OBJECT_CONVERSION = YES_AGGRESSIVE;
				CLANG_CXX_LANGUAGE_STANDARD = "gnu++14";
				CLANG_CXX_LIBRARY = "libc++";
				CLANG_ENABLE_MODULES = YES;
				CLANG_ENABLE_OBJC_ARC = YES;
				CLANG_ENABLE_OBJC_WEAK = YES;
				CLANG_WARN_BLOCK_CAPTURE_AUTORELEASING = YES;
				CLANG_WARN_BOOL_CONVERSION = YES;
				CLANG_WARN_COMMA = YES;
				CLANG_WARN_CONSTANT_CONVERSION = YES;
				CLANG_WARN_DEPRECATED_OBJC_IMPLEMENTATIONS = YES;
				CLANG_WARN_DIRECT_OBJC_ISA_USAGE = YES_ERROR;
				CLANG_WARN_DOCUMENTATION_COMMENTS = YES;
				CLANG_WARN_EMPTY_BODY = YES;
				CLANG_WARN_ENUM_CONVERSION = YES;
				CLANG_WARN_INFINITE_RECURSION = YES;
				CLANG_WARN_INT_CONVERSION = YES;
				CLANG_WARN_NON_LITERAL_NULL_CONVERSION = YES;
				CLANG_WARN_OBJC_IMPLICIT_RETAIN_SELF = YES;
				CLANG_WARN_OBJC_LITERAL_CONVERSION = YES;
				CLANG_WARN_OBJC_ROOT_CLASS = YES_ERROR;
				CLANG_WARN_RANGE_LOOP_ANALYSIS = YES;
				CLANG_WARN_STRICT_PROTOTYPES = YES;
				CLANG_WARN_SUSPICIOUS_MOVE = YES;
				CLANG_WARN_UNGUARDED_AVAILABILITY = YES_AGGRESSIVE;
				CLANG_WARN_UNREACHABLE_CODE = YES;
				CLANG_WARN__DUPLICATE_METHOD_MATCH = YES;
				CODE_SIGN_IDENTITY = "iPhone Developer";
				COPY_PHASE_STRIP = NO;
				DEBUG_INFORMATION_FORMAT = "dwarf-with-dsym";
				ENABLE_NS_ASSERTIONS = NO;
				ENABLE_STRICT_OBJC_MSGSEND = YES;
				GCC_C_LANGUAGE_STANDARD = gnu11;
				GCC_NO_COMMON_BLOCKS = YES;
				GCC_WARN_64_TO_32_BIT_CONVERSION = YES;
				GCC_WARN_ABOUT_RETURN_TYPE = YES_ERROR;
				GCC_WARN_UNDECLARED_SELECTOR = YES;
				GCC_WARN_UNINITIALIZED_AUTOS = YES_AGGRESSIVE;
				GCC_WARN_UNUSED_FUNCTION = YES;
				GCC_WARN_UNUSED_VARIABLE = YES;
				IPHONEOS_DEPLOYMENT_TARGET = 11.3;
				MTL_ENABLE_DEBUG_INFO = NO;
				SDKROOT = iphoneos;
				SWIFT_COMPILATION_MODE = wholemodule;
				SWIFT_OPTIMIZATION_LEVEL = "-O";
				VALIDATE_PRODUCT = YES;
			};
			name = Release;
		};
		D7EDA93220BECAEC00A3105D /* Debug */ = {
			isa = XCBuildConfiguration;
			buildSettings = {
				ASSETCATALOG_COMPILER_APPICON_NAME = AppIcon;
				CODE_SIGN_STYLE = Automatic;
				INFOPLIST_FILE = "unknown-software-app/Info.plist";
				LD_RUNPATH_SEARCH_PATHS = (
					"$(inherited)",
					"@executable_path/Frameworks",
				);
				PRODUCT_BUNDLE_IDENTIFIER = "com.example.unknown-software-app";
				PRODUCT_NAME = "$(TARGET_NAME)";
				SWIFT_VERSION = 4.0;
				TARGETED_DEVICE_FAMILY = "1,2";
			};
			name = Debug;
		};
		D7EDA93320BECAEC00A3105D /* Release */ = {
			isa = XCBuildConfiguration;
			buildSettings = {
				ASSETCATALOG_COMPILER_APPICON_NAME = AppIcon;
				CODE_SIGN_STYLE = Automatic;
				INFOPLIST_FILE = "unknown-software-app/Info.plist";
				LD_RUNPATH_SEARCH_PATHS = (
					"$(inherited)",
					"@executable_path/Frameworks",
				);
				PRODUCT_BUNDLE_IDENTIFIER = "com.example.unknown-software-app";
				PRODUCT_NAME = "$(TARGET_NAME)";
				SWIFT_VERSION = 4.0;
				TARGETED_DEVICE_FAMILY = "1,2";
			};
			name = Release;
		};
		D7EDA93520BECAEC00A3105D /* Debug */ = {
			isa = XCBuildConfiguration;
			buildSettings = {
				ALWAYS_EMBED_SWIFT_STANDARD_LIBRARIES = YES;
				BUNDLE_LOADER = "$(TEST_HOST)";
				CODE_SIGN_STYLE = Automatic;
				INFOPLIST_FILE = "unknown-software-appTests/Info.plist";
				LD_RUNPATH_SEARCH_PATHS = (
					"$(inherited)",
					"@executable_path/Frameworks",
					"@loader_path/Frameworks",
				);
				PRODUCT_BUNDLE_IDENTIFIER = "com.example.unknown-software-appTests";
				PRODUCT_NAME = "$(TARGET_NAME)";
				SWIFT_VERSION = 4.0;
				TARGETED_DEVICE_FAMILY = "1,2";
				TEST_HOST = "$(BUILT_PRODUCTS_DIR)/unknown-software-app.app/unknown-software-app";
			};
			name = Debug;
		};
		D7EDA93620BECAEC00A3105D /* Release */ = {
			isa = XCBuildConfiguration;
			buildSettings = {
				ALWAYS_EMBED_SWIFT_STANDARD_LIBRARIES = YES;
				BUNDLE_LOADER = "$(TEST_HOST)";
				CODE_SIGN_STYLE = Automatic;
				INFOPLIST_FILE = "unknown-software-appTests/Info.plist";
				LD_RUNPATH_SEARCH_PATHS = (
					"$(inherited)",
					"@executable_path/Frameworks",
					"@loader_path/Frameworks",
				);
				PRODUCT_BUNDLE_IDENTIFIER = "com.example.unknown-software-appTests";
				PRODUCT_NAME = "$(TARGET_NAME)";
				SWIFT_VERSION = 4.0;
				TARGETED_DEVICE_FAMILY = "1,2";
				TEST_HOST = "$(BUILT_PRODUCTS_DIR)/unknown-software-app.app/unknown-software-app";
			};
			name = Release;
		};
/* End XCBuildConfiguration section */

/* Begin XCConfigurationList section */
		D7EDA90F20BECAEA00A3105D /* Build configuration list for PBXProject "unknown-software-app" */ = {
			isa = XCConfigurationList;
			buildConfigurations = (
				D7EDA92F20BECAEC00A3105D /* Debug */,
				D7EDA93020BECAEC00A3105D /* Release */,
			);
			defaultConfigurationIsVisible = 0;
			defaultConfigurationName = Release;
		};
		D7EDA93120BECAEC00A3105D /* Build configuration list for PBXNativeTarget "unknown-software-app" */ = {
			isa = XCConfigurationList;
			buildConfigurations = (
				D7EDA93220BECAEC00A3105D /* Debug */,
				D7EDA93320BECAEC00A3105D /* Release */,
			);
			defaultConfigurationIsVisible = 0;
			defaultConfigurationName = Release;
		};
		D7EDA93420BECAEC00A3105D /* Build configuration list for PBXNativeTarget "unknown-software-appTests" */ = {
			isa = XCConfigurationList;
			buildConfigurations = (
				D7EDA93520BECAEC00A3105D /* Debug */,
				D7EDA93620BECAEC00A3105D /* Release */,
			);
			defaultConfigurationIsVisible = 0;
			defaultConfigurationName = Release;
		};
/* End XCConfigurationList section */
	};
	rootObject = D7EDA90C20BECAEA00A3105D /* Project object */;
}
